
Microsoft Visual Studio Solution File, Format Version 12.00
# Visual Studio Version 16
VisualStudioVersion = 16.0.31624.102
MinimumVisualStudioVersion = 10.0.40219.1
Project("{8BC9CEB8-8B4A-11D0-8D11-00A0C91BC942}") = "Kursova", "Kursova\Kursova.vcxproj", "{839758C1-4759-44E5-AD85-F09D76573D16}"
EndProject
Global
	GlobalSection(SolutionConfigurationPlatforms) = preSolution
		Debug|x64 = Debug|x64
		Debug|x86 = Debug|x86
		Release|x64 = Release|x64
		Release|x86 = Release|x86
	EndGlobalSection
	GlobalSection(ProjectConfigurationPlatforms) = postSolution
		{839758C1-4759-44E5-AD85-F09D76573D16}.Debug|x64.ActiveCfg = Debug|x64
		{839758C1-4759-44E5-AD85-F09D76573D16}.Debug|x64.Build.0 = Debug|x64
		{839758C1-4759-44E5-AD85-F09D76573D16}.Debug|x86.ActiveCfg = Debug|Win32
		{839758C1-4759-44E5-AD85-F09D76573D16}.Debug|x86.Build.0 = Debug|Win32
		{839758C1-4759-44E5-AD85-F09D76573D16}.Release|x64.ActiveCfg = Release|x64
		{839758C1-4759-44E5-AD85-F09D76573D16}.Release|x64.Build.0 = Release|x64
		{839758C1-4759-44E5-AD85-F09D76573D16}.Release|x86.ActiveCfg = Release|Win32
		{839758C1-4759-44E5-AD85-F09D76573D16}.Release|x86.Build.0 = Release|Win32
	EndGlobalSection
	GlobalSection(SolutionProperties) = preSolution
		HideSolutionNode = FALSE
	EndGlobalSection
	GlobalSection(ExtensibilityGlobals) = postSolution
		SolutionGuid = {8B9FA8EC-C671-4F94-960E-CFA6FEE219EC}
	EndGlobalSection
EndGlobal
